
Microsoft Visual Studio Solution File, Format Version 12.00
# Visual Studio 15
Project("{FAE04EC0-301F-11D3-BF4B-00C04F79EFBC}") = "SpotfliX", "SpotfliX.csproj", "{C29432EB-C693-4676-B128-3567645BB6DB}"
EndProject
Project("{FAE04EC0-301F-11D3-BF4B-00C04F79EFBC}") = "ClassLib", "ClassLib\ClassLib.csproj", "{825C643D-EFD3-4BF2-87F8-236D2C8EBC06}"
EndProject
Global
	GlobalSection(SolutionConfigurationPlatforms) = preSolution
		Debug|anycpu = Debug|anycpu
		Release|anycpu = Release|anycpu
	EndGlobalSection
	GlobalSection(ProjectConfigurationPlatforms) = postSolution
		{C29432EB-C693-4676-B128-3567645BB6DB}.Debug|anycpu.ActiveCfg = Debug|anycpu
		{C29432EB-C693-4676-B128-3567645BB6DB}.Debug|anycpu.Build.0 = Debug|anycpu
		{C29432EB-C693-4676-B128-3567645BB6DB}.Release|anycpu.ActiveCfg = Release|anycpu
		{C29432EB-C693-4676-B128-3567645BB6DB}.Release|anycpu.Build.0 = Release|anycpu
		{825C643D-EFD3-4BF2-87F8-236D2C8EBC06}.Debug|anycpu.ActiveCfg = Debug|Any CPU
		{825C643D-EFD3-4BF2-87F8-236D2C8EBC06}.Debug|anycpu.Build.0 = Debug|Any CPU
		{825C643D-EFD3-4BF2-87F8-236D2C8EBC06}.Release|anycpu.ActiveCfg = Release|Any CPU
		{825C643D-EFD3-4BF2-87F8-236D2C8EBC06}.Release|anycpu.Build.0 = Release|Any CPU
	EndGlobalSection
EndGlobal
